
Microsoft Visual Studio Solution File, Format Version 12.00
# Visual Studio Version 17
VisualStudioVersion = 17.11.35312.102
MinimumVisualStudioVersion = 10.0.40219.1
Project("{FAE04EC0-301F-11D3-BF4B-00C04F79EFBC}") = "EveningMovies.", "EveningMovies\EveningMovies..csproj", "{0CEE1617-2CAA-4D15-9A7A-0E200D19698E}"
EndProject
Global
	GlobalSection(SolutionConfigurationPlatforms) = preSolution
		Debug|Any CPU = Debug|Any CPU
		Release|Any CPU = Release|Any CPU
	EndGlobalSection
	GlobalSection(ProjectConfigurationPlatforms) = postSolution
		{0CEE1617-2CAA-4D15-9A7A-0E200D19698E}.Debug|Any CPU.ActiveCfg = Debug|Any CPU
		{0CEE1617-2CAA-4D15-9A7A-0E200D19698E}.Debug|Any CPU.Build.0 = Debug|Any CPU
		{0CEE1617-2CAA-4D15-9A7A-0E200D19698E}.Release|Any CPU.ActiveCfg = Release|Any CPU
		{0CEE1617-2CAA-4D15-9A7A-0E200D19698E}.Release|Any CPU.Build.0 = Release|Any CPU
	EndGlobalSection
	GlobalSection(SolutionProperties) = preSolution
		HideSolutionNode = FALSE
	EndGlobalSection
	GlobalSection(ExtensibilityGlobals) = postSolution
		SolutionGuid = {951825A4-69EB-45D6-A11C-DC329E89CA7B}
	EndGlobalSection
EndGlobal
